
Microsoft Visual Studio Solution File, Format Version 12.00
# Visual Studio Version 16
VisualStudioVersion = 16.0.30011.22
MinimumVisualStudioVersion = 10.0.40219.1
Project("{FAE04EC0-301F-11D3-BF4B-00C04F79EFBC}") = "realvaClient", "realvaClient\realvaClient.csproj", "{F5DBE42F-15FD-4D3B-A53E-F2570EB54D43}"
EndProject
Global
	GlobalSection(SolutionConfigurationPlatforms) = preSolution
		Debug|Any CPU = Debug|Any CPU
		Release|Any CPU = Release|Any CPU
	EndGlobalSection
	GlobalSection(ProjectConfigurationPlatforms) = postSolution
		{F5DBE42F-15FD-4D3B-A53E-F2570EB54D43}.Debug|Any CPU.ActiveCfg = Debug|Any CPU
		{F5DBE42F-15FD-4D3B-A53E-F2570EB54D43}.Debug|Any CPU.Build.0 = Debug|Any CPU
		{F5DBE42F-15FD-4D3B-A53E-F2570EB54D43}.Release|Any CPU.ActiveCfg = Release|Any CPU
		{F5DBE42F-15FD-4D3B-A53E-F2570EB54D43}.Release|Any CPU.Build.0 = Release|Any CPU
	EndGlobalSection
	GlobalSection(SolutionProperties) = preSolution
		HideSolutionNode = FALSE
	EndGlobalSection
	GlobalSection(ExtensibilityGlobals) = postSolution
		SolutionGuid = {7B050041-3373-4384-BFAE-76CCCB768101}
	EndGlobalSection
EndGlobal
